
Microsoft Visual Studio Solution File, Format Version 12.00
# Visual Studio Version 16
VisualStudioVersion = 16.0.31112.23
MinimumVisualStudioVersion = 10.0.40219.1
Project("{9A19103F-16F7-4668-BE54-9A1E7A4F7556}") = "Sol_Demo", "Sol_Demo\Sol_Demo.csproj", "{34926839-F1B1-4FA2-A077-70584E3D9395}"
EndProject
Global
	GlobalSection(SolutionConfigurationPlatforms) = preSolution
		Debug|Any CPU = Debug|Any CPU
		Release|Any CPU = Release|Any CPU
	EndGlobalSection
	GlobalSection(ProjectConfigurationPlatforms) = postSolution
		{34926839-F1B1-4FA2-A077-70584E3D9395}.Debug|Any CPU.ActiveCfg = Debug|Any CPU
		{34926839-F1B1-4FA2-A077-70584E3D9395}.Debug|Any CPU.Build.0 = Debug|Any CPU
		{34926839-F1B1-4FA2-A077-70584E3D9395}.Release|Any CPU.ActiveCfg = Release|Any CPU
		{34926839-F1B1-4FA2-A077-70584E3D9395}.Release|Any CPU.Build.0 = Release|Any CPU
	EndGlobalSection
	GlobalSection(SolutionProperties) = preSolution
		HideSolutionNode = FALSE
	EndGlobalSection
	GlobalSection(ExtensibilityGlobals) = postSolution
		SolutionGuid = {97EE0805-6BF8-46E9-BC89-B928B4C1E8AB}
	EndGlobalSection
EndGlobal
